
Microsoft Visual Studio Solution File, Format Version 12.00
# Visual Studio Version 17
VisualStudioVersion = 17.5.33516.290
MinimumVisualStudioVersion = 10.0.40219.1
Project("{9A19103F-16F7-4668-BE54-9A1E7A4F7556}") = "SourceGenerator", "SourceGenerator\SourceGenerator.csproj", "{10F42F30-10AA-42E6-BA24-2165FCC01DAE}"
EndProject
Project("{FAE04EC0-301F-11D3-BF4B-00C04F79EFBC}") = "FsaVisualizer", "FsaVisualizer\FsaVisualizer.csproj", "{23E30340-1D86-4ED9-9ADA-D1C9AFC3FD56}"
EndProject
Global
	GlobalSection(SolutionConfigurationPlatforms) = preSolution
		Debug|Any CPU = Debug|Any CPU
		Release|Any CPU = Release|Any CPU
	EndGlobalSection
	GlobalSection(ProjectConfigurationPlatforms) = postSolution
		{10F42F30-10AA-42E6-BA24-2165FCC01DAE}.Debug|Any CPU.ActiveCfg = Debug|Any CPU
		{10F42F30-10AA-42E6-BA24-2165FCC01DAE}.Debug|Any CPU.Build.0 = Debug|Any CPU
		{10F42F30-10AA-42E6-BA24-2165FCC01DAE}.Release|Any CPU.ActiveCfg = Release|Any CPU
		{10F42F30-10AA-42E6-BA24-2165FCC01DAE}.Release|Any CPU.Build.0 = Release|Any CPU
		{23E30340-1D86-4ED9-9ADA-D1C9AFC3FD56}.Debug|Any CPU.ActiveCfg = Debug|Any CPU
		{23E30340-1D86-4ED9-9ADA-D1C9AFC3FD56}.Debug|Any CPU.Build.0 = Debug|Any CPU
		{23E30340-1D86-4ED9-9ADA-D1C9AFC3FD56}.Release|Any CPU.ActiveCfg = Release|Any CPU
		{23E30340-1D86-4ED9-9ADA-D1C9AFC3FD56}.Release|Any CPU.Build.0 = Release|Any CPU
	EndGlobalSection
	GlobalSection(SolutionProperties) = preSolution
		HideSolutionNode = FALSE
	EndGlobalSection
	GlobalSection(ExtensibilityGlobals) = postSolution
		SolutionGuid = {7282F497-6469-4DB0-8DCF-B36A7012D098}
	EndGlobalSection
EndGlobal
