
Microsoft Visual Studio Solution File, Format Version 12.00
# Visual Studio Version 17
VisualStudioVersion = 17.5.33516.290
MinimumVisualStudioVersion = 10.0.40219.1
Project("{9A19103F-16F7-4668-BE54-9A1E7A4F7556}") = "SourceGenerator", "SourceGenerator\SourceGenerator.csproj", "{10F42F30-10AA-42E6-BA24-2165FCC01DAE}"
EndProject
Project("{9A19103F-16F7-4668-BE54-9A1E7A4F7556}") = "TestApp.Generated", "TestApp.Generated\TestApp.Generated.csproj", "{D6C236F4-1B25-4240-A248-D27BBAC98DE9}"
	ProjectSection(ProjectDependencies) = postProject
		{10F42F30-10AA-42E6-BA24-2165FCC01DAE} = {10F42F30-10AA-42E6-BA24-2165FCC01DAE}
	EndProjectSection
EndProject
Project("{9A19103F-16F7-4668-BE54-9A1E7A4F7556}") = "SourceGenerator.VsAdapter", "SourceGenerator.VsAdapter\SourceGenerator.VsAdapter.csproj", "{354F0CD2-3370-40C6-B20C-4B0AD0CBE0C2}"
	ProjectSection(ProjectDependencies) = postProject
		{10F42F30-10AA-42E6-BA24-2165FCC01DAE} = {10F42F30-10AA-42E6-BA24-2165FCC01DAE}
	EndProjectSection
EndProject
Project("{9A19103F-16F7-4668-BE54-9A1E7A4F7556}") = "TestApp", "TestApp\TestApp.csproj", "{6B62342F-C8BA-41E1-A6E0-27D89FC84CED}"
	ProjectSection(ProjectDependencies) = postProject
		{10F42F30-10AA-42E6-BA24-2165FCC01DAE} = {10F42F30-10AA-42E6-BA24-2165FCC01DAE}
		{354F0CD2-3370-40C6-B20C-4B0AD0CBE0C2} = {354F0CD2-3370-40C6-B20C-4B0AD0CBE0C2}
		{D6C236F4-1B25-4240-A248-D27BBAC98DE9} = {D6C236F4-1B25-4240-A248-D27BBAC98DE9}
	EndProjectSection
EndProject
Project("{9A19103F-16F7-4668-BE54-9A1E7A4F7556}") = "SourceGenerator.Includes", "SourceGenerator.Includes\SourceGenerator.Includes.csproj", "{28783D7D-C512-4628-93EE-D251429EB5EA}"
EndProject
Project("{9A19103F-16F7-4668-BE54-9A1E7A4F7556}") = "TestApp.Web", "TestApp.Web\TestApp.Web.csproj", "{35C826D0-CB74-4285-AD97-939EC432BFC8}"
EndProject
Project("{FAE04EC0-301F-11D3-BF4B-00C04F79EFBC}") = "SourceGenerator.VsEditor", "SourceGenerator.VsEditor\SourceGenerator.VsEditor.csproj", "{3ED0E064-8674-49C2-A67D-7AB2D3028B7D}"
EndProject
Project("{54435603-DBB4-11D2-8724-00A0C9A8B90C}") = "SourceGenerator.Installer", "SourceGenerator.Installer\SourceGenerator.Installer.vdproj", "{86826616-280A-4DEB-99F6-CEAC33CF12CE}"
EndProject
Project("{9A19103F-16F7-4668-BE54-9A1E7A4F7556}") = "SourceGenerator.Test", "SourceGenerator.Test\SourceGenerator.Test.csproj", "{8AE4AE15-AFD2-4FC4-B7F6-4A6A981E4153}"
EndProject
Project("{FAE04EC0-301F-11D3-BF4B-00C04F79EFBC}") = "TestApp.Wasm", "TestApp.Wasm\TestApp.Wasm.csproj", "{42BEF5F5-6546-4EF2-966D-D9C1541AD53C}"
EndProject
Global
	GlobalSection(SolutionConfigurationPlatforms) = preSolution
		Debug|Any CPU = Debug|Any CPU
		Debug|arm64 = Debug|arm64
		Debug|x86 = Debug|x86
		Release|Any CPU = Release|Any CPU
		Release|arm64 = Release|arm64
		Release|x86 = Release|x86
	EndGlobalSection
	GlobalSection(ProjectConfigurationPlatforms) = postSolution
		{10F42F30-10AA-42E6-BA24-2165FCC01DAE}.Debug|Any CPU.ActiveCfg = Debug|Any CPU
		{10F42F30-10AA-42E6-BA24-2165FCC01DAE}.Debug|Any CPU.Build.0 = Debug|Any CPU
		{10F42F30-10AA-42E6-BA24-2165FCC01DAE}.Debug|arm64.ActiveCfg = Debug|Any CPU
		{10F42F30-10AA-42E6-BA24-2165FCC01DAE}.Debug|arm64.Build.0 = Debug|Any CPU
		{10F42F30-10AA-42E6-BA24-2165FCC01DAE}.Debug|x86.ActiveCfg = Debug|Any CPU
		{10F42F30-10AA-42E6-BA24-2165FCC01DAE}.Debug|x86.Build.0 = Debug|Any CPU
		{10F42F30-10AA-42E6-BA24-2165FCC01DAE}.Release|Any CPU.ActiveCfg = Release|Any CPU
		{10F42F30-10AA-42E6-BA24-2165FCC01DAE}.Release|Any CPU.Build.0 = Release|Any CPU
		{10F42F30-10AA-42E6-BA24-2165FCC01DAE}.Release|arm64.ActiveCfg = Release|Any CPU
		{10F42F30-10AA-42E6-BA24-2165FCC01DAE}.Release|arm64.Build.0 = Release|Any CPU
		{10F42F30-10AA-42E6-BA24-2165FCC01DAE}.Release|x86.ActiveCfg = Release|Any CPU
		{10F42F30-10AA-42E6-BA24-2165FCC01DAE}.Release|x86.Build.0 = Release|Any CPU
		{D6C236F4-1B25-4240-A248-D27BBAC98DE9}.Debug|Any CPU.ActiveCfg = Debug|Any CPU
		{D6C236F4-1B25-4240-A248-D27BBAC98DE9}.Debug|Any CPU.Build.0 = Debug|Any CPU
		{D6C236F4-1B25-4240-A248-D27BBAC98DE9}.Debug|arm64.ActiveCfg = Debug|Any CPU
		{D6C236F4-1B25-4240-A248-D27BBAC98DE9}.Debug|arm64.Build.0 = Debug|Any CPU
		{D6C236F4-1B25-4240-A248-D27BBAC98DE9}.Debug|x86.ActiveCfg = Debug|Any CPU
		{D6C236F4-1B25-4240-A248-D27BBAC98DE9}.Debug|x86.Build.0 = Debug|Any CPU
		{D6C236F4-1B25-4240-A248-D27BBAC98DE9}.Release|Any CPU.ActiveCfg = Release|Any CPU
		{D6C236F4-1B25-4240-A248-D27BBAC98DE9}.Release|Any CPU.Build.0 = Release|Any CPU
		{D6C236F4-1B25-4240-A248-D27BBAC98DE9}.Release|arm64.ActiveCfg = Release|Any CPU
		{D6C236F4-1B25-4240-A248-D27BBAC98DE9}.Release|arm64.Build.0 = Release|Any CPU
		{D6C236F4-1B25-4240-A248-D27BBAC98DE9}.Release|x86.ActiveCfg = Release|Any CPU
		{D6C236F4-1B25-4240-A248-D27BBAC98DE9}.Release|x86.Build.0 = Release|Any CPU
		{354F0CD2-3370-40C6-B20C-4B0AD0CBE0C2}.Debug|Any CPU.ActiveCfg = Debug|Any CPU
		{354F0CD2-3370-40C6-B20C-4B0AD0CBE0C2}.Debug|Any CPU.Build.0 = Debug|Any CPU
		{354F0CD2-3370-40C6-B20C-4B0AD0CBE0C2}.Debug|arm64.ActiveCfg = Debug|Any CPU
		{354F0CD2-3370-40C6-B20C-4B0AD0CBE0C2}.Debug|arm64.Build.0 = Debug|Any CPU
		{354F0CD2-3370-40C6-B20C-4B0AD0CBE0C2}.Debug|x86.ActiveCfg = Debug|Any CPU
		{354F0CD2-3370-40C6-B20C-4B0AD0CBE0C2}.Debug|x86.Build.0 = Debug|Any CPU
		{354F0CD2-3370-40C6-B20C-4B0AD0CBE0C2}.Release|Any CPU.ActiveCfg = Release|Any CPU
		{354F0CD2-3370-40C6-B20C-4B0AD0CBE0C2}.Release|Any CPU.Build.0 = Release|Any CPU
		{354F0CD2-3370-40C6-B20C-4B0AD0CBE0C2}.Release|arm64.ActiveCfg = Release|Any CPU
		{354F0CD2-3370-40C6-B20C-4B0AD0CBE0C2}.Release|arm64.Build.0 = Release|Any CPU
		{354F0CD2-3370-40C6-B20C-4B0AD0CBE0C2}.Release|x86.ActiveCfg = Release|Any CPU
		{354F0CD2-3370-40C6-B20C-4B0AD0CBE0C2}.Release|x86.Build.0 = Release|Any CPU
		{6B62342F-C8BA-41E1-A6E0-27D89FC84CED}.Debug|Any CPU.ActiveCfg = Debug|Any CPU
		{6B62342F-C8BA-41E1-A6E0-27D89FC84CED}.Debug|Any CPU.Build.0 = Debug|Any CPU
		{6B62342F-C8BA-41E1-A6E0-27D89FC84CED}.Debug|arm64.ActiveCfg = Debug|Any CPU
		{6B62342F-C8BA-41E1-A6E0-27D89FC84CED}.Debug|arm64.Build.0 = Debug|Any CPU
		{6B62342F-C8BA-41E1-A6E0-27D89FC84CED}.Debug|x86.ActiveCfg = Debug|Any CPU
		{6B62342F-C8BA-41E1-A6E0-27D89FC84CED}.Debug|x86.Build.0 = Debug|Any CPU
		{6B62342F-C8BA-41E1-A6E0-27D89FC84CED}.Release|Any CPU.ActiveCfg = Release|Any CPU
		{6B62342F-C8BA-41E1-A6E0-27D89FC84CED}.Release|Any CPU.Build.0 = Release|Any CPU
		{6B62342F-C8BA-41E1-A6E0-27D89FC84CED}.Release|arm64.ActiveCfg = Release|Any CPU
		{6B62342F-C8BA-41E1-A6E0-27D89FC84CED}.Release|arm64.Build.0 = Release|Any CPU
		{6B62342F-C8BA-41E1-A6E0-27D89FC84CED}.Release|x86.ActiveCfg = Release|Any CPU
		{6B62342F-C8BA-41E1-A6E0-27D89FC84CED}.Release|x86.Build.0 = Release|Any CPU
		{28783D7D-C512-4628-93EE-D251429EB5EA}.Debug|Any CPU.ActiveCfg = Debug|Any CPU
		{28783D7D-C512-4628-93EE-D251429EB5EA}.Debug|Any CPU.Build.0 = Debug|Any CPU
		{28783D7D-C512-4628-93EE-D251429EB5EA}.Debug|arm64.ActiveCfg = Debug|Any CPU
		{28783D7D-C512-4628-93EE-D251429EB5EA}.Debug|arm64.Build.0 = Debug|Any CPU
		{28783D7D-C512-4628-93EE-D251429EB5EA}.Debug|x86.ActiveCfg = Debug|Any CPU
		{28783D7D-C512-4628-93EE-D251429EB5EA}.Debug|x86.Build.0 = Debug|Any CPU
		{28783D7D-C512-4628-93EE-D251429EB5EA}.Release|Any CPU.ActiveCfg = Release|Any CPU
		{28783D7D-C512-4628-93EE-D251429EB5EA}.Release|Any CPU.Build.0 = Release|Any CPU
		{28783D7D-C512-4628-93EE-D251429EB5EA}.Release|arm64.ActiveCfg = Release|Any CPU
		{28783D7D-C512-4628-93EE-D251429EB5EA}.Release|arm64.Build.0 = Release|Any CPU
		{28783D7D-C512-4628-93EE-D251429EB5EA}.Release|x86.ActiveCfg = Release|Any CPU
		{28783D7D-C512-4628-93EE-D251429EB5EA}.Release|x86.Build.0 = Release|Any CPU
		{35C826D0-CB74-4285-AD97-939EC432BFC8}.Debug|Any CPU.ActiveCfg = Debug|Any CPU
		{35C826D0-CB74-4285-AD97-939EC432BFC8}.Debug|Any CPU.Build.0 = Debug|Any CPU
		{35C826D0-CB74-4285-AD97-939EC432BFC8}.Debug|arm64.ActiveCfg = Debug|Any CPU
		{35C826D0-CB74-4285-AD97-939EC432BFC8}.Debug|arm64.Build.0 = Debug|Any CPU
		{35C826D0-CB74-4285-AD97-939EC432BFC8}.Debug|x86.ActiveCfg = Debug|Any CPU
		{35C826D0-CB74-4285-AD97-939EC432BFC8}.Debug|x86.Build.0 = Debug|Any CPU
		{35C826D0-CB74-4285-AD97-939EC432BFC8}.Release|Any CPU.ActiveCfg = Release|Any CPU
		{35C826D0-CB74-4285-AD97-939EC432BFC8}.Release|Any CPU.Build.0 = Release|Any CPU
		{35C826D0-CB74-4285-AD97-939EC432BFC8}.Release|arm64.ActiveCfg = Release|Any CPU
		{35C826D0-CB74-4285-AD97-939EC432BFC8}.Release|arm64.Build.0 = Release|Any CPU
		{35C826D0-CB74-4285-AD97-939EC432BFC8}.Release|x86.ActiveCfg = Release|Any CPU
		{35C826D0-CB74-4285-AD97-939EC432BFC8}.Release|x86.Build.0 = Release|Any CPU
		{3ED0E064-8674-49C2-A67D-7AB2D3028B7D}.Debug|Any CPU.ActiveCfg = Debug|Any CPU
		{3ED0E064-8674-49C2-A67D-7AB2D3028B7D}.Debug|Any CPU.Build.0 = Debug|Any CPU
		{3ED0E064-8674-49C2-A67D-7AB2D3028B7D}.Debug|arm64.ActiveCfg = Debug|arm64
		{3ED0E064-8674-49C2-A67D-7AB2D3028B7D}.Debug|arm64.Build.0 = Debug|arm64
		{3ED0E064-8674-49C2-A67D-7AB2D3028B7D}.Debug|x86.ActiveCfg = Debug|x86
		{3ED0E064-8674-49C2-A67D-7AB2D3028B7D}.Debug|x86.Build.0 = Debug|x86
		{3ED0E064-8674-49C2-A67D-7AB2D3028B7D}.Release|Any CPU.ActiveCfg = Release|Any CPU
		{3ED0E064-8674-49C2-A67D-7AB2D3028B7D}.Release|Any CPU.Build.0 = Release|Any CPU
		{3ED0E064-8674-49C2-A67D-7AB2D3028B7D}.Release|arm64.ActiveCfg = Release|arm64
		{3ED0E064-8674-49C2-A67D-7AB2D3028B7D}.Release|arm64.Build.0 = Release|arm64
		{3ED0E064-8674-49C2-A67D-7AB2D3028B7D}.Release|x86.ActiveCfg = Release|x86
		{3ED0E064-8674-49C2-A67D-7AB2D3028B7D}.Release|x86.Build.0 = Release|x86
		{86826616-280A-4DEB-99F6-CEAC33CF12CE}.Debug|Any CPU.ActiveCfg = Debug
		{86826616-280A-4DEB-99F6-CEAC33CF12CE}.Debug|arm64.ActiveCfg = Debug
		{86826616-280A-4DEB-99F6-CEAC33CF12CE}.Debug|x86.ActiveCfg = Debug
		{86826616-280A-4DEB-99F6-CEAC33CF12CE}.Release|Any CPU.ActiveCfg = Release
		{86826616-280A-4DEB-99F6-CEAC33CF12CE}.Release|arm64.ActiveCfg = Release
		{86826616-280A-4DEB-99F6-CEAC33CF12CE}.Release|x86.ActiveCfg = Release
		{8AE4AE15-AFD2-4FC4-B7F6-4A6A981E4153}.Debug|Any CPU.ActiveCfg = Debug|Any CPU
		{8AE4AE15-AFD2-4FC4-B7F6-4A6A981E4153}.Debug|Any CPU.Build.0 = Debug|Any CPU
		{8AE4AE15-AFD2-4FC4-B7F6-4A6A981E4153}.Debug|arm64.ActiveCfg = Debug|Any CPU
		{8AE4AE15-AFD2-4FC4-B7F6-4A6A981E4153}.Debug|arm64.Build.0 = Debug|Any CPU
		{8AE4AE15-AFD2-4FC4-B7F6-4A6A981E4153}.Debug|x86.ActiveCfg = Debug|Any CPU
		{8AE4AE15-AFD2-4FC4-B7F6-4A6A981E4153}.Debug|x86.Build.0 = Debug|Any CPU
		{8AE4AE15-AFD2-4FC4-B7F6-4A6A981E4153}.Release|Any CPU.ActiveCfg = Release|Any CPU
		{8AE4AE15-AFD2-4FC4-B7F6-4A6A981E4153}.Release|Any CPU.Build.0 = Release|Any CPU
		{8AE4AE15-AFD2-4FC4-B7F6-4A6A981E4153}.Release|arm64.ActiveCfg = Release|Any CPU
		{8AE4AE15-AFD2-4FC4-B7F6-4A6A981E4153}.Release|arm64.Build.0 = Release|Any CPU
		{8AE4AE15-AFD2-4FC4-B7F6-4A6A981E4153}.Release|x86.ActiveCfg = Release|Any CPU
		{8AE4AE15-AFD2-4FC4-B7F6-4A6A981E4153}.Release|x86.Build.0 = Release|Any CPU
		{42BEF5F5-6546-4EF2-966D-D9C1541AD53C}.Debug|Any CPU.ActiveCfg = Debug|Any CPU
		{42BEF5F5-6546-4EF2-966D-D9C1541AD53C}.Debug|Any CPU.Build.0 = Debug|Any CPU
		{42BEF5F5-6546-4EF2-966D-D9C1541AD53C}.Debug|arm64.ActiveCfg = Debug|Any CPU
		{42BEF5F5-6546-4EF2-966D-D9C1541AD53C}.Debug|arm64.Build.0 = Debug|Any CPU
		{42BEF5F5-6546-4EF2-966D-D9C1541AD53C}.Debug|x86.ActiveCfg = Debug|Any CPU
		{42BEF5F5-6546-4EF2-966D-D9C1541AD53C}.Debug|x86.Build.0 = Debug|Any CPU
		{42BEF5F5-6546-4EF2-966D-D9C1541AD53C}.Release|Any CPU.ActiveCfg = Release|Any CPU
		{42BEF5F5-6546-4EF2-966D-D9C1541AD53C}.Release|Any CPU.Build.0 = Release|Any CPU
		{42BEF5F5-6546-4EF2-966D-D9C1541AD53C}.Release|arm64.ActiveCfg = Release|Any CPU
		{42BEF5F5-6546-4EF2-966D-D9C1541AD53C}.Release|arm64.Build.0 = Release|Any CPU
		{42BEF5F5-6546-4EF2-966D-D9C1541AD53C}.Release|x86.ActiveCfg = Release|Any CPU
		{42BEF5F5-6546-4EF2-966D-D9C1541AD53C}.Release|x86.Build.0 = Release|Any CPU
	EndGlobalSection
	GlobalSection(SolutionProperties) = preSolution
		HideSolutionNode = FALSE
	EndGlobalSection
	GlobalSection(ExtensibilityGlobals) = postSolution
		SolutionGuid = {7282F497-6469-4DB0-8DCF-B36A7012D098}
	EndGlobalSection
EndGlobal
